
Microsoft Visual Studio Solution File, Format Version 12.00
# Visual Studio Version 16
VisualStudioVersion = 16.0.29806.167
MinimumVisualStudioVersion = 10.0.40219.1
Project("{888888A0-9F3D-457C-B088-3A5042F75D52}") = "kenosis", "kenosis.pyproj", "{98C84F9F-14C0-4A97-8439-12B15760FF2A}"
EndProject
Global
	GlobalSection(SolutionConfigurationPlatforms) = preSolution
		Debug|Any CPU = Debug|Any CPU
		Release|Any CPU = Release|Any CPU
	EndGlobalSection
	GlobalSection(ProjectConfigurationPlatforms) = postSolution
		{98C84F9F-14C0-4A97-8439-12B15760FF2A}.Debug|Any CPU.ActiveCfg = Debug|Any CPU
		{98C84F9F-14C0-4A97-8439-12B15760FF2A}.Release|Any CPU.ActiveCfg = Release|Any CPU
	EndGlobalSection
	GlobalSection(SolutionProperties) = preSolution
		HideSolutionNode = FALSE
	EndGlobalSection
	GlobalSection(ExtensibilityGlobals) = postSolution
		SolutionGuid = {7988FA99-06CA-44CC-936A-3CA8A226A106}
	EndGlobalSection
EndGlobal
